Microsoft Visual Studio Solution File, Format Version 12.00
# Visual Studio Version 17
VisualStudioVersion = 17.0.31903.59
MinimumVisualStudioVersion = 10.0.40219.1
Project("{FAE04EC0-301F-11D3-BF4B-00C04F79EFBC}") = "IlMatto.Desktop", "src\IlMatto.Desktop\IlMatto.Desktop.csproj", "{4F25AEAA-6EF4-4DC6-BE1E-1DAE8ED32D46}"
EndProject
Global
	GlobalSection(SolutionConfigurationPlatforms) = preSolution
		Debug|Any CPU = Debug|Any CPU
		Release|Any CPU = Release|Any CPU
	EndGlobalSection
	GlobalSection(ProjectConfigurationPlatforms) = postSolution
		{4F25AEAA-6EF4-4DC6-BE1E-1DAE8ED32D46}.Debug|Any CPU.ActiveCfg = Debug|Any CPU
		{4F25AEAA-6EF4-4DC6-BE1E-1DAE8ED32D46}.Debug|Any CPU.Build.0 = Debug|Any CPU
		{4F25AEAA-6EF4-4DC6-BE1E-1DAE8ED32D46}.Release|Any CPU.ActiveCfg = Release|Any CPU
		{4F25AEAA-6EF4-4DC6-BE1E-1DAE8ED32D46}.Release|Any CPU.Build.0 = Release|Any CPU
	EndGlobalSection
	GlobalSection(SolutionProperties) = preSolution
		HideSolutionNode = FALSE
	EndGlobalSection
EndGlobal

